
Microsoft Visual Studio Solution File, Format Version 12.00
# Visual Studio Version 16
VisualStudioVersion = 16.0.33027.164
MinimumVisualStudioVersion = 10.0.40219.1
Project("{FAE04EC0-301F-11D3-BF4B-00C04F79EFBC}") = "VisitorDesignPattern", "VisitorDesignPattern\VisitorDesignPattern.csproj", "{39185B69-21A5-46F9-A7CF-A861698C66EF}"
EndProject
Global
	GlobalSection(SolutionConfigurationPlatforms) = preSolution
		Debug|Any CPU = Debug|Any CPU
		Release|Any CPU = Release|Any CPU
	EndGlobalSection
	GlobalSection(ProjectConfigurationPlatforms) = postSolution
		{39185B69-21A5-46F9-A7CF-A861698C66EF}.Debug|Any CPU.ActiveCfg = Debug|Any CPU
		{39185B69-21A5-46F9-A7CF-A861698C66EF}.Debug|Any CPU.Build.0 = Debug|Any CPU
		{39185B69-21A5-46F9-A7CF-A861698C66EF}.Release|Any CPU.ActiveCfg = Release|Any CPU
		{39185B69-21A5-46F9-A7CF-A861698C66EF}.Release|Any CPU.Build.0 = Release|Any CPU
	EndGlobalSection
	GlobalSection(SolutionProperties) = preSolution
		HideSolutionNode = FALSE
	EndGlobalSection
	GlobalSection(ExtensibilityGlobals) = postSolution
		SolutionGuid = {3EF89899-AE12-43D4-9239-A4C908F9684C}
	EndGlobalSection
EndGlobal
